// !$*UTF8*$!
{
	archiveVersion = 1;
	classes = {
	};
	objectVersion = 46;
	objects = {

/* Begin PBXBuildFile section */
		6638EA711C98F47E00150614 /* ZGOutlineParser.m in Sources */ = {isa = PBXBuildFile; fileRef = 6638EA6C1C98F47E00150614 /* ZGOutlineParser.m */; };
		6638EA721C98F47E00150614 /* ZGNode.m in Sources */ = {isa = PBXBuildFile; fileRef = 6638EA6E1C98F47E00150614 /* ZGNode.m */; };
		6638EA731C98F47E00150614 /* ZGOutline.m in Sources */ = {isa = PBXBuildFile; fileRef = 6638EA701C98F47E00150614 /* ZGOutline.m */; };
		6638EA7B1C98F67300150614 /* AppDelegate.swift in Sources */ = {isa = PBXBuildFile; fileRef = 6638EA7A1C98F67300150614 /* AppDelegate.swift */; };
		6638EA7D1C98F67300150614 /* ViewController.swift in Sources */ = {isa = PBXBuildFile; fileRef = 6638EA7C1C98F67300150614 /* ViewController.swift */; };
		6638EA801C98F67300150614 /* Main.storyboard in Resources */ = {isa = PBXBuildFile; fileRef = 6638EA7E1C98F67300150614 /* Main.storyboard */; };
		6638EA821C98F67300150614 /* Assets.xcassets in Resources */ = {isa = PBXBuildFile; fileRef = 6638EA811C98F67300150614 /* Assets.xcassets */; };
		6638EA851C98F67300150614 /* LaunchScreen.storyboard in Resources */ = {isa = PBXBuildFile; fileRef = 6638EA831C98F67300150614 /* LaunchScreen.storyboard */; };
		66D676F21C96A1DA00201C20 /* AppDelegate.swift in Sources */ = {isa = PBXBuildFile; fileRef = 66D676F11C96A1DA00201C20 /* AppDelegate.swift */; };
		66D676F41C96A1DA00201C20 /* ViewController.swift in Sources */ = {isa = PBXBuildFile; fileRef = 66D676F31C96A1DA00201C20 /* ViewController.swift */; };
		66D676F61C96A1DA00201C20 /* Assets.xcassets in Resources */ = {isa = PBXBuildFile; fileRef = 66D676F51C96A1DA00201C20 /* Assets.xcassets */; };
		66D676F91C96A1DA00201C20 /* Main.storyboard in Resources */ = {isa = PBXBuildFile; fileRef = 66D676F71C96A1DA00201C20 /* Main.storyboard */; };
		66D677021C96A2B400201C20 /* MOParser.swift in Sources */ = {isa = PBXBuildFile; fileRef = 66D677011C96A2B400201C20 /* MOParser.swift */; };
/* End PBXBuildFile section */

/* Begin PBXFileReference section */
		6638EA6B1C98F47E00150614 /* ZGOutlineParser.h */ = {isa = PBXFileReference; fileEncoding = 4; lastKnownFileType = sourcecode.c.h; path = ZGOutlineParser.h; sourceTree = "<group>"; };
		6638EA6C1C98F47E00150614 /* ZGOutlineParser.m */ = {isa = PBXFileReference; fileEncoding = 4; lastKnownFileType = sourcecode.c.objc; path = ZGOutlineParser.m; sourceTree = "<group>"; };
		6638EA6D1C98F47E00150614 /* ZGNode.h */ = {isa = PBXFileReference; fileEncoding = 4; lastKnownFileType = sourcecode.c.h; path = ZGNode.h; sourceTree = "<group>"; };
		6638EA6E1C98F47E00150614 /* ZGNode.m */ = {isa = PBXFileReference; fileEncoding = 4; lastKnownFileType = sourcecode.c.objc; path = ZGNode.m; sourceTree = "<group>"; };
		6638EA6F1C98F47E00150614 /* ZGOutline.h */ = {isa = PBXFileReference; fileEncoding = 4; lastKnownFileType = sourcecode.c.h; path = ZGOutline.h; sourceTree = "<group>"; };
		6638EA701C98F47E00150614 /* ZGOutline.m */ = {isa = PBXFileReference; fileEncoding = 4; lastKnownFileType = sourcecode.c.objc; path = ZGOutline.m; sourceTree = "<group>"; };
		6638EA781C98F67300150614 /* MarkdownOutlineParser-iOS.app */ = {isa = PBXFileReference; explicitFileType = wrapper.application; includeInIndex = 0; path = "MarkdownOutlineParser-iOS.app"; sourceTree = BUILT_PRODUCTS_DIR; };
		6638EA7A1C98F67300150614 /* AppDelegate.swift */ = {isa = PBXFileReference; lastKnownFileType = sourcecode.swift; path = AppDelegate.swift; sourceTree = "<group>"; };
		6638EA7C1C98F67300150614 /* ViewController.swift */ = {isa = PBXFileReference; lastKnownFileType = sourcecode.swift; path = ViewController.swift; sourceTree = "<group>"; };
		6638EA7F1C98F67300150614 /* Base */ = {isa = PBXFileReference; lastKnownFileType = file.storyboard; name = Base; path = Base.lproj/Main.storyboard; sourceTree = "<group>"; };
		6638EA811C98F67300150614 /* Assets.xcassets */ = {isa = PBXFileReference; lastKnownFileType = folder.assetcatalog; path = Assets.xcassets; sourceTree = "<group>"; };
		6638EA841C98F67300150614 /* Base */ = {isa = PBXFileReference; lastKnownFileType = file.storyboard; name = Base; path = Base.lproj/LaunchScreen.storyboard; sourceTree = "<group>"; };
		6638EA861C98F67300150614 /* Info.plist */ = {isa = PBXFileReference; lastKnownFileType = text.plist.xml; path = Info.plist; sourceTree = "<group>"; };
		66D676EE1C96A1DA00201C20 /* MarkdownOutlineParser.app */ = {isa = PBXFileReference; explicitFileType = wrapper.application; includeInIndex = 0; path = MarkdownOutlineParser.app; sourceTree = BUILT_PRODUCTS_DIR; };
		66D676F11C96A1DA00201C20 /* AppDelegate.swift */ = {isa = PBXFileReference; lastKnownFileType = sourcecode.swift; path = AppDelegate.swift; sourceTree = "<group>"; };
		66D676F31C96A1DA00201C20 /* ViewController.swift */ = {isa = PBXFileReference; lastKnownFileType = sourcecode.swift; path = ViewController.swift; sourceTree = "<group>"; };
		66D676F51C96A1DA00201C20 /* Assets.xcassets */ = {isa = PBXFileReference; lastKnownFileType = folder.assetcatalog; path = Assets.xcassets; sourceTree = "<group>"; };
		66D676F81C96A1DA00201C20 /* Base */ = {isa = PBXFileReference; lastKnownFileType = file.storyboard; name = Base; path = Base.lproj/Main.storyboard; sourceTree = "<group>"; };
		66D676FA1C96A1DA00201C20 /* Info.plist */ = {isa = PBXFileReference; lastKnownFileType = text.plist.xml; path = Info.plist; sourceTree = "<group>"; };
		66D677011C96A2B400201C20 /* MOParser.swift */ = {isa = PBXFileReference; fileEncoding = 4; lastKnownFileType = sourcecode.swift; path = MOParser.swift; sourceTree = "<group>"; };
/* End PBXFileReference section */

/* Begin PBXFrameworksBuildPhase section */
		6638EA751C98F67300150614 /* Frameworks */ = {
			isa = PBXFrameworksBuildPhase;
			buildActionMask = 2147483647;
			files = (
			);
			runOnlyForDeploymentPostprocessing = 0;
		};
		66D676EB1C96A1DA00201C20 /* Frameworks */ = {
			isa = PBXFrameworksBuildPhase;
			buildActionMask = 2147483647;
			files = (
			);
			runOnlyForDeploymentPostprocessing = 0;
		};
/* End PBXFrameworksBuildPhase section */

/* Begin PBXGroup section */
		6638EA6A1C98F45E00150614 /* MOP-OC */ = {
			isa = PBXGroup;
			children = (
				6638EA6B1C98F47E00150614 /* ZGOutlineParser.h */,
				6638EA6C1C98F47E00150614 /* ZGOutlineParser.m */,
				6638EA6D1C98F47E00150614 /* ZGNode.h */,
				6638EA6E1C98F47E00150614 /* ZGNode.m */,
				6638EA6F1C98F47E00150614 /* ZGOutline.h */,
				6638EA701C98F47E00150614 /* ZGOutline.m */,
			);
			name = "MOP-OC";
			sourceTree = "<group>";
		};
		6638EA791C98F67300150614 /* MarkdownOutlineParser-iOS */ = {
			isa = PBXGroup;
			children = (
				6638EA7A1C98F67300150614 /* AppDelegate.swift */,
				6638EA7C1C98F67300150614 /* ViewController.swift */,
				6638EA7E1C98F67300150614 /* Main.storyboard */,
				6638EA811C98F67300150614 /* Assets.xcassets */,
				6638EA831C98F67300150614 /* LaunchScreen.storyboard */,
				6638EA861C98F67300150614 /* Info.plist */,
			);
			path = "MarkdownOutlineParser-iOS";
			sourceTree = "<group>";
		};
		66D676E51C96A1DA00201C20 = {
			isa = PBXGroup;
			children = (
				66D676F01C96A1DA00201C20 /* MarkdownOutlineParser */,
				6638EA791C98F67300150614 /* MarkdownOutlineParser-iOS */,
				66D676EF1C96A1DA00201C20 /* Products */,
			);
			sourceTree = "<group>";
		};
		66D676EF1C96A1DA00201C20 /* Products */ = {
			isa = PBXGroup;
			children = (
				66D676EE1C96A1DA00201C20 /* MarkdownOutlineParser.app */,
				6638EA781C98F67300150614 /* MarkdownOutlineParser-iOS.app */,
			);
			name = Products;
			sourceTree = "<group>";
		};
		66D676F01C96A1DA00201C20 /* MarkdownOutlineParser */ = {
			isa = PBXGroup;
			children = (
				66D676F11C96A1DA00201C20 /* AppDelegate.swift */,
				66D676F31C96A1DA00201C20 /* ViewController.swift */,
				6638EA6A1C98F45E00150614 /* MOP-OC */,
				66D677001C96A29900201C20 /* MOP-swift */,
				66D676F51C96A1DA00201C20 /* Assets.xcassets */,
				66D676F71C96A1DA00201C20 /* Main.storyboard */,
				66D676FA1C96A1DA00201C20 /* Info.plist */,
			);
			path = MarkdownOutlineParser;
			sourceTree = "<group>";
		};
		66D677001C96A29900201C20 /* MOP-swift */ = {
			isa = PBXGroup;
			children = (
				66D677011C96A2B400201C20 /* MOParser.swift */,
			);
			name = "MOP-swift";
			sourceTree = "<group>";
		};
/* End PBXGroup section */

/* Begin PBXNativeTarget section */
		6638EA771C98F67300150614 /* MarkdownOutlineParser-iOS */ = {
			isa = PBXNativeTarget;
			buildConfigurationList = 6638EA891C98F67300150614 /* Build configuration list for PBXNativeTarget "MarkdownOutlineParser-iOS" */;
			buildPhases = (
				6638EA741C98F67300150614 /* Sources */,
				6638EA751C98F67300150614 /* Frameworks */,
				6638EA761C98F67300150614 /* Resources */,
			);
			buildRules = (
			);
			dependencies = (
			);
			name = "MarkdownOutlineParser-iOS";
			productName = "MarkdownOutlineParser-iOS";
			productReference = 6638EA781C98F67300150614 /* MarkdownOutlineParser-iOS.app */;
			productType = "com.apple.product-type.application";
		};
		66D676ED1C96A1DA00201C20 /* MarkdownOutlineParser */ = {
			isa = PBXNativeTarget;
			buildConfigurationList = 66D676FD1C96A1DA00201C20 /* Build configuration list for PBXNativeTarget "MarkdownOutlineParser" */;
			buildPhases = (
				66D676EA1C96A1DA00201C20 /* Sources */,
				66D676EB1C96A1DA00201C20 /* Frameworks */,
				66D676EC1C96A1DA00201C20 /* Resources */,
			);
			buildRules = (
			);
			dependencies = (
			);
			name = MarkdownOutlineParser;
			productName = MarkdownOutlineParser;
			productReference = 66D676EE1C96A1DA00201C20 /* MarkdownOutlineParser.app */;
			productType = "com.apple.product-type.application";
		};
/* End PBXNativeTarget section */

/* Begin PBXProject section */
		66D676E61C96A1DA00201C20 /* Project object */ = {
			isa = PBXProject;
			attributes = {
				LastSwiftUpdateCheck = 0730;
				LastUpgradeCheck = 0730;
				ORGANIZATIONNAME = philchia;
				TargetAttributes = {
					6638EA771C98F67300150614 = {
						CreatedOnToolsVersion = 7.3;
					};
					66D676ED1C96A1DA00201C20 = {
						CreatedOnToolsVersion = 7.3;
					};
				};
			};
			buildConfigurationList = 66D676E91C96A1DA00201C20 /* Build configuration list for PBXProject "MarkdownOutlineParser" */;
			compatibilityVersion = "Xcode 3.2";
			developmentRegion = English;
			hasScannedForEncodings = 0;
			knownRegions = (
				en,
				Base,
			);
			mainGroup = 66D676E51C96A1DA00201C20;
			productRefGroup = 66D676EF1C96A1DA00201C20 /* Products */;
			projectDirPath = "";
			projectRoot = "";
			targets = (
				66D676ED1C96A1DA00201C20 /* MarkdownOutlineParser */,
				6638EA771C98F67300150614 /* MarkdownOutlineParser-iOS */,
			);
		};
/* End PBXProject section */

/* Begin PBXResourcesBuildPhase section */
		6638EA761C98F67300150614 /* Resources */ = {
			isa = PBXResourcesBuildPhase;
			buildActionMask = 2147483647;
			files = (
				6638EA851C98F67300150614 /* LaunchScreen.storyboard in Resources */,
				6638EA821C98F67300150614 /* Assets.xcassets in Resources */,
				6638EA801C98F67300150614 /* Main.storyboard in Resources */,
			);
			runOnlyForDeploymentPostprocessing = 0;
		};
		66D676EC1C96A1DA00201C20 /* Resources */ = {
			isa = PBXResourcesBuildPhase;
			buildActionMask = 2147483647;
			files = (
				66D676F61C96A1DA00201C20 /* Assets.xcassets in Resources */,
				66D676F91C96A1DA00201C20 /* Main.storyboard in Resources */,
			);
			runOnlyForDeploymentPostprocessing = 0;
		};
/* End PBXResourcesBuildPhase section */

/* Begin PBXSourcesBuildPhase section */
		6638EA741C98F67300150614 /* Sources */ = {
			isa = PBXSourcesBuildPhase;
			buildActionMask = 2147483647;
			files = (
				6638EA7D1C98F67300150614 /* ViewController.swift in Sources */,
				6638EA7B1C98F67300150614 /* AppDelegate.swift in Sources */,
			);
			runOnlyForDeploymentPostprocessing = 0;
		};
		66D676EA1C96A1DA00201C20 /* Sources */ = {
			isa = PBXSourcesBuildPhase;
			buildActionMask = 2147483647;
			files = (
				66D676F41C96A1DA00201C20 /* ViewController.swift in Sources */,
				66D677021C96A2B400201C20 /* MOParser.swift in Sources */,
				6638EA711C98F47E00150614 /* ZGOutlineParser.m in Sources */,
				6638EA731C98F47E00150614 /* ZGOutline.m in Sources */,
				66D676F21C96A1DA00201C20 /* AppDelegate.swift in Sources */,
				6638EA721C98F47E00150614 /* ZGNode.m in Sources */,
			);
			runOnlyForDeploymentPostprocessing = 0;
		};
/* End PBXSourcesBuildPhase section */

/* Begin PBXVariantGroup section */
		6638EA7E1C98F67300150614 /* Main.storyboard */ = {
			isa = PBXVariantGroup;
			children = (
				6638EA7F1C98F67300150614 /* Base */,
			);
			name = Main.storyboard;
			sourceTree = "<group>";
		};
		6638EA831C98F67300150614 /* LaunchScreen.storyboard */ = {
			isa = PBXVariantGroup;
			children = (
				6638EA841C98F67300150614 /* Base */,
			);
			name = LaunchScreen.storyboard;
			sourceTree = "<group>";
		};
		66D676F71C96A1DA00201C20 /* Main.storyboard */ = {
			isa = PBXVariantGroup;
			children = (
				66D676F81C96A1DA00201C20 /* Base */,
			);
			name = Main.storyboard;
			sourceTree = "<group>";
		};
/* End PBXVariantGroup section */

/* Begin XCBuildConfiguration section */
		6638EA871C98F67300150614 /* Debug */ = {
			isa = XCBuildConfiguration;
			buildSettings = {
				ASSETCATALOG_COMPILER_APPICON_NAME = AppIcon;
				"CODE_SIGN_IDENTITY[sdk=iphoneos*]" = "iPhone Developer";
				INFOPLIST_FILE = "MarkdownOutlineParser-iOS/Info.plist";
				IPHONEOS_DEPLOYMENT_TARGET = 9.3;
				LD_RUNPATH_SEARCH_PATHS = "$(inherited) @executable_path/Frameworks";
				PRODUCT_BUNDLE_IDENTIFIER = "com.touchdream.MarkdownOutlineParser-iOS";
				PRODUCT_NAME = "$(TARGET_NAME)";
				SDKROOT = iphoneos;
			};
			name = Debug;
		};
		6638EA881C98F67300150614 /* Release */ = {
			isa = XCBuildConfiguration;
			buildSettings = {
				ASSETCATALOG_COMPILER_APPICON_NAME = AppIcon;
				"CODE_SIGN_IDENTITY[sdk=iphoneos*]" = "iPhone Developer";
				INFOPLIST_FILE = "MarkdownOutlineParser-iOS/Info.plist";
				IPHONEOS_DEPLOYMENT_TARGET = 9.3;
				LD_RUNPATH_SEARCH_PATHS = "$(inherited) @executable_path/Frameworks";
				PRODUCT_BUNDLE_IDENTIFIER = "com.touchdream.MarkdownOutlineParser-iOS";
				PRODUCT_NAME = "$(TARGET_NAME)";
				SDKROOT = iphoneos;
				VALIDATE_PRODUCT = YES;
			};
			name = Release;
		};
		66D676FB1C96A1DA00201C20 /* Debug */ = {
			isa = XCBuildConfiguration;
			buildSettings = {
				ALWAYS_SEARCH_USER_PATHS = NO;
				CLANG_CXX_LANGUAGE_STANDARD = "gnu++0x";
				CLANG_CXX_LIBRARY = "libc++";
				CLANG_ENABLE_MODULES = YES;
				CLANG_ENABLE_OBJC_ARC = YES;
				CLANG_WARN_BOOL_CONVERSION = YES;
				CLANG_WARN_CONSTANT_CONVERSION = YES;
				CLANG_WARN_DIRECT_OBJC_ISA_USAGE = YES_ERROR;
				CLANG_WARN_EMPTY_BODY = YES;
				CLANG_WARN_ENUM_CONVERSION = YES;
				CLANG_WARN_INT_CONVERSION = YES;
				CLANG_WARN_OBJC_ROOT_CLASS = YES_ERROR;
				CLANG_WARN_UNREACHABLE_CODE = YES;
				CLANG_WARN__DUPLICATE_METHOD_MATCH = YES;
				CODE_SIGN_IDENTITY = "-";
				COPY_PHASE_STRIP = NO;
				DEBUG_INFORMATION_FORMAT = dwarf;
				ENABLE_STRICT_OBJC_MSGSEND = YES;
				ENABLE_TESTABILITY = YES;
				GCC_C_LANGUAGE_STANDARD = gnu99;
				GCC_DYNAMIC_NO_PIC = NO;
				GCC_NO_COMMON_BLOCKS = YES;
				GCC_OPTIMIZATION_LEVEL = 0;
				GCC_PREPROCESSOR_DEFINITIONS = (
					"DEBUG=1",
					"$(inherited)",
				);
				GCC_WARN_64_TO_32_BIT_CONVERSION = YES;
				GCC_WARN_ABOUT_RETURN_TYPE = YES_ERROR;
				GCC_WARN_UNDECLARED_SELECTOR = YES;
				GCC_WARN_UNINITIALIZED_AUTOS = YES_AGGRESSIVE;
				GCC_WARN_UNUSED_FUNCTION = YES;
				GCC_WARN_UNUSED_VARIABLE = YES;
				MACOSX_DEPLOYMENT_TARGET = 10.11;
				MTL_ENABLE_DEBUG_INFO = YES;
				ONLY_ACTIVE_ARCH = YES;
				SDKROOT = macosx;
				SWIFT_OPTIMIZATION_LEVEL = "-Onone";
			};
			name = Debug;
		};
		66D676FC1C96A1DA00201C20 /* Release */ = {
			isa = XCBuildConfiguration;
			buildSettings = {
				ALWAYS_SEARCH_USER_PATHS = NO;
				CLANG_CXX_LANGUAGE_STANDARD = "gnu++0x";
				CLANG_CXX_LIBRARY = "libc++";
				CLANG_ENABLE_MODULES = YES;
				CLANG_ENABLE_OBJC_ARC = YES;
				CLANG_WARN_BOOL_CONVERSION = YES;
				CLANG_WARN_CONSTANT_CONVERSION = YES;
				CLANG_WARN_DIRECT_OBJC_ISA_USAGE = YES_ERROR;
				CLANG_WARN_EMPTY_BODY = YES;
				CLANG_WARN_ENUM_CONVERSION = YES;
				CLANG_WARN_INT_CONVERSION = YES;
				CLANG_WARN_OBJC_ROOT_CLASS = YES_ERROR;
				CLANG_WARN_UNREACHABLE_CODE = YES;
				CLANG_WARN__DUPLICATE_METHOD_MATCH = YES;
				CODE_SIGN_IDENTITY = "-";
				COPY_PHASE_STRIP = NO;
				DEBUG_INFORMATION_FORMAT = "dwarf-with-dsym";
				ENABLE_NS_ASSERTIONS = NO;
				ENABLE_STRICT_OBJC_MSGSEND = YES;
				GCC_C_LANGUAGE_STANDARD = gnu99;
				GCC_NO_COMMON_BLOCKS = YES;
				GCC_WARN_64_TO_32_BIT_CONVERSION = YES;
				GCC_WARN_ABOUT_RETURN_TYPE = YES_ERROR;
				GCC_WARN_UNDECLARED_SELECTOR = YES;
				GCC_WARN_UNINITIALIZED_AUTOS = YES_AGGRESSIVE;
				GCC_WARN_UNUSED_FUNCTION = YES;
				GCC_WARN_UNUSED_VARIABLE = YES;
				MACOSX_DEPLOYMENT_TARGET = 10.11;
				MTL_ENABLE_DEBUG_INFO = NO;
				SDKROOT = macosx;
			};
			name = Release;
		};
		66D676FE1C96A1DA00201C20 /* Debug */ = {
			isa = XCBuildConfiguration;
			buildSettings = {
				ASSETCATALOG_COMPILER_APPICON_NAME = AppIcon;
				CLANG_ENABLE_MODULES = YES;
				COMBINE_HIDPI_IMAGES = YES;
				INFOPLIST_FILE = MarkdownOutlineParser/Info.plist;
				LD_RUNPATH_SEARCH_PATHS = "$(inherited) @executable_path/../Frameworks";
				PRODUCT_BUNDLE_IDENTIFIER = com.touchdream.MarkdownOutlineParser;
				PRODUCT_NAME = "$(TARGET_NAME)";
				SWIFT_OPTIMIZATION_LEVEL = "-Onone";
			};
			name = Debug;
		};
		66D676FF1C96A1DA00201C20 /* Release */ = {
			isa = XCBuildConfiguration;
			buildSettings = {
				ASSETCATALOG_COMPILER_APPICON_NAME = AppIcon;
				CLANG_ENABLE_MODULES = YES;
				COMBINE_HIDPI_IMAGES = YES;
				INFOPLIST_FILE = MarkdownOutlineParser/Info.plist;
				LD_RUNPATH_SEARCH_PATHS = "$(inherited) @executable_path/../Frameworks";
				PRODUCT_BUNDLE_IDENTIFIER = com.touchdream.MarkdownOutlineParser;
				PRODUCT_NAME = "$(TARGET_NAME)";
			};
			name = Release;
		};
/* End XCBuildConfiguration section */

/* Begin XCConfigurationList section */
		6638EA891C98F67300150614 /* Build configuration list for PBXNativeTarget "MarkdownOutlineParser-iOS" */ = {
			isa = XCConfigurationList;
			buildConfigurations = (
				6638EA871C98F67300150614 /* Debug */,
				6638EA881C98F67300150614 /* Release */,
			);
			defaultConfigurationIsVisible = 0;
		};
		66D676E91C96A1DA00201C20 /* Build configuration list for PBXProject "MarkdownOutlineParser" */ = {
			isa = XCConfigurationList;
			buildConfigurations = (
				66D676FB1C96A1DA00201C20 /* Debug */,
				66D676FC1C96A1DA00201C20 /* Release */,
			);
			defaultConfigurationIsVisible = 0;
			defaultConfigurationName = Release;
		};
		66D676FD1C96A1DA00201C20 /* Build configuration list for PBXNativeTarget "MarkdownOutlineParser" */ = {
			isa = XCConfigurationList;
			buildConfigurations = (
				66D676FE1C96A1DA00201C20 /* Debug */,
				66D676FF1C96A1DA00201C20 /* Release */,
			);
			defaultConfigurationIsVisible = 0;
			defaultConfigurationName = Release;
		};
/* End XCConfigurationList section */
	};
	rootObject = 66D676E61C96A1DA00201C20 /* Project object */;
}
